
Microsoft Visual Studio Solution File, Format Version 12.00
# Visual Studio 15
VisualStudioVersion = 15.0.28307.168
MinimumVisualStudioVersion = 10.0.40219.1
Project("{FAE04EC0-301F-11D3-BF4B-00C04F79EFBC}") = "Ejercicio1", "Ejercicio1\Ejercicio1.csproj", "{DC6852C3-1D3C-4038-8BFB-D6C6CFA092A4}"
EndProject
Global
	GlobalSection(SolutionConfigurationPlatforms) = preSolution
		Debug|Any CPU = Debug|Any CPU
		Release|Any CPU = Release|Any CPU
	EndGlobalSection
	GlobalSection(ProjectConfigurationPlatforms) = postSolution
		{DC6852C3-1D3C-4038-8BFB-D6C6CFA092A4}.Debug|Any CPU.ActiveCfg = Debug|Any CPU
		{DC6852C3-1D3C-4038-8BFB-D6C6CFA092A4}.Debug|Any CPU.Build.0 = Debug|Any CPU
		{DC6852C3-1D3C-4038-8BFB-D6C6CFA092A4}.Release|Any CPU.ActiveCfg = Release|Any CPU
		{DC6852C3-1D3C-4038-8BFB-D6C6CFA092A4}.Release|Any CPU.Build.0 = Release|Any CPU
	EndGlobalSection
	GlobalSection(SolutionProperties) = preSolution
		HideSolutionNode = FALSE
	EndGlobalSection
	GlobalSection(ExtensibilityGlobals) = postSolution
		SolutionGuid = {FA05AEAD-62C2-4013-A4E3-2E53BCC43267}
	EndGlobalSection
EndGlobal
